
Microsoft Visual Studio Solution File, Format Version 12.00
# Visual Studio Version 16
VisualStudioVersion = 16.0.32901.82
MinimumVisualStudioVersion = 10.0.40219.1
Project("{FAE04EC0-301F-11D3-BF4B-00C04F79EFBC}") = "ClientWeb", "ClientWeb.csproj", "{91A797C4-2FA2-4E19-9227-8D41A25F7505}"
EndProject
Global
	GlobalSection(SolutionConfigurationPlatforms) = preSolution
		Debug|Any CPU = Debug|Any CPU
		Release|Any CPU = Release|Any CPU
	EndGlobalSection
	GlobalSection(ProjectConfigurationPlatforms) = postSolution
		{91A797C4-2FA2-4E19-9227-8D41A25F7505}.Debug|Any CPU.ActiveCfg = Debug|Any CPU
		{91A797C4-2FA2-4E19-9227-8D41A25F7505}.Debug|Any CPU.Build.0 = Debug|Any CPU
		{91A797C4-2FA2-4E19-9227-8D41A25F7505}.Release|Any CPU.ActiveCfg = Release|Any CPU
		{91A797C4-2FA2-4E19-9227-8D41A25F7505}.Release|Any CPU.Build.0 = Release|Any CPU
	EndGlobalSection
	GlobalSection(SolutionProperties) = preSolution
		HideSolutionNode = FALSE
	EndGlobalSection
	GlobalSection(ExtensibilityGlobals) = postSolution
		SolutionGuid = {5F83DA8D-9AC8-4DC5-9FC5-BAAC1CEC6C2B}
	EndGlobalSection
EndGlobal
